
Microsoft Visual Studio Solution File, Format Version 12.00
# Visual Studio Version 17
VisualStudioVersion = 17.7.34031.279
MinimumVisualStudioVersion = 10.0.40219.1
Project("{2150E333-8FDC-42A3-9474-1A3956D46DE8}") = "N51", "N51", "{B4DBC79C-C89D-4426-AD7C-7DF185042612}"
EndProject
Project("{2150E333-8FDC-42A3-9474-1A3956D46DE8}") = "Tasks", "Tasks", "{4A39A2DC-BE1E-458A-82B1-46764D98CB83}"
EndProject
Project("{2150E333-8FDC-42A3-9474-1A3956D46DE8}") = "HomeTasks", "HomeTasks", "{8F9F8AF0-35A3-43AB-810B-4A1B1BFBCFE8}"
EndProject
Project("{2150E333-8FDC-42A3-9474-1A3956D46DE8}") = "4 - month", "4 - month", "{2647DD4A-3D88-4CB9-99A1-CD2AD5B567BD}"
EndProject
Project("{2150E333-8FDC-42A3-9474-1A3956D46DE8}") = "N52", "N52", "{F85DBA84-E39E-4E73-A97C-3B2C3FEB4140}"
EndProject
Project("{2150E333-8FDC-42A3-9474-1A3956D46DE8}") = "Tasks", "Tasks", "{F0C27182-3959-4D95-9BD0-09DAA323E5D0}"
EndProject
Project("{2150E333-8FDC-42A3-9474-1A3956D46DE8}") = "HomeTasks", "HomeTasks", "{339A3B4B-B7DC-4C5F-888F-8BA608C5ECB0}"
EndProject
Project("{FAE04EC0-301F-11D3-BF4B-00C04F79EFBC}") = "Task_Practice", "Task_Practice\Task_Practice.csproj", "{0DC73AE6-F1F5-4FCA-B88E-087E5BBEC698}"
EndProject
Project("{FAE04EC0-301F-11D3-BF4B-00C04F79EFBC}") = "N51_HT", "N51_HT\N51_HT.csproj", "{40B9EACF-D449-4D49-B148-0EAEBA41DFA3}"
EndProject
Project("{FAE04EC0-301F-11D3-BF4B-00C04F79EFBC}") = "N52_HT", "N52_HT\N52_HT.csproj", "{FB475531-4DB5-4435-9DB1-F9703925309C}"
EndProject
Global
	GlobalSection(SolutionConfigurationPlatforms) = preSolution
		Debug|Any CPU = Debug|Any CPU
		Release|Any CPU = Release|Any CPU
	EndGlobalSection
	GlobalSection(ProjectConfigurationPlatforms) = postSolution
		{0DC73AE6-F1F5-4FCA-B88E-087E5BBEC698}.Debug|Any CPU.ActiveCfg = Debug|Any CPU
		{0DC73AE6-F1F5-4FCA-B88E-087E5BBEC698}.Debug|Any CPU.Build.0 = Debug|Any CPU
		{0DC73AE6-F1F5-4FCA-B88E-087E5BBEC698}.Release|Any CPU.ActiveCfg = Release|Any CPU
		{0DC73AE6-F1F5-4FCA-B88E-087E5BBEC698}.Release|Any CPU.Build.0 = Release|Any CPU
		{40B9EACF-D449-4D49-B148-0EAEBA41DFA3}.Debug|Any CPU.ActiveCfg = Debug|Any CPU
		{40B9EACF-D449-4D49-B148-0EAEBA41DFA3}.Debug|Any CPU.Build.0 = Debug|Any CPU
		{40B9EACF-D449-4D49-B148-0EAEBA41DFA3}.Release|Any CPU.ActiveCfg = Release|Any CPU
		{40B9EACF-D449-4D49-B148-0EAEBA41DFA3}.Release|Any CPU.Build.0 = Release|Any CPU
		{FB475531-4DB5-4435-9DB1-F9703925309C}.Debug|Any CPU.ActiveCfg = Debug|Any CPU
		{FB475531-4DB5-4435-9DB1-F9703925309C}.Debug|Any CPU.Build.0 = Debug|Any CPU
		{FB475531-4DB5-4435-9DB1-F9703925309C}.Release|Any CPU.ActiveCfg = Release|Any CPU
		{FB475531-4DB5-4435-9DB1-F9703925309C}.Release|Any CPU.Build.0 = Release|Any CPU
	EndGlobalSection
	GlobalSection(SolutionProperties) = preSolution
		HideSolutionNode = FALSE
	EndGlobalSection
	GlobalSection(NestedProjects) = preSolution
		{B4DBC79C-C89D-4426-AD7C-7DF185042612} = {2647DD4A-3D88-4CB9-99A1-CD2AD5B567BD}
		{4A39A2DC-BE1E-458A-82B1-46764D98CB83} = {B4DBC79C-C89D-4426-AD7C-7DF185042612}
		{8F9F8AF0-35A3-43AB-810B-4A1B1BFBCFE8} = {B4DBC79C-C89D-4426-AD7C-7DF185042612}
		{F85DBA84-E39E-4E73-A97C-3B2C3FEB4140} = {2647DD4A-3D88-4CB9-99A1-CD2AD5B567BD}
		{F0C27182-3959-4D95-9BD0-09DAA323E5D0} = {F85DBA84-E39E-4E73-A97C-3B2C3FEB4140}
		{339A3B4B-B7DC-4C5F-888F-8BA608C5ECB0} = {F85DBA84-E39E-4E73-A97C-3B2C3FEB4140}
		{0DC73AE6-F1F5-4FCA-B88E-087E5BBEC698} = {F0C27182-3959-4D95-9BD0-09DAA323E5D0}
		{40B9EACF-D449-4D49-B148-0EAEBA41DFA3} = {8F9F8AF0-35A3-43AB-810B-4A1B1BFBCFE8}
		{FB475531-4DB5-4435-9DB1-F9703925309C} = {339A3B4B-B7DC-4C5F-888F-8BA608C5ECB0}
	EndGlobalSection
	GlobalSection(ExtensibilityGlobals) = postSolution
		SolutionGuid = {37121B46-57DE-41B0-BA13-26E8643DE55C}
	EndGlobalSection
EndGlobal
