
Microsoft Visual Studio Solution File, Format Version 12.00
# Visual Studio Version 17
VisualStudioVersion = 17.7.34031.279
MinimumVisualStudioVersion = 10.0.40219.1
Project("{2150E333-8FDC-42A3-9474-1A3956D46DE8}") = "N51", "N51", "{B4DBC79C-C89D-4426-AD7C-7DF185042612}"
EndProject
Project("{2150E333-8FDC-42A3-9474-1A3956D46DE8}") = "Tasks", "Tasks", "{4A39A2DC-BE1E-458A-82B1-46764D98CB83}"
EndProject
Project("{2150E333-8FDC-42A3-9474-1A3956D46DE8}") = "HomeTasks", "HomeTasks", "{8F9F8AF0-35A3-43AB-810B-4A1B1BFBCFE8}"
EndProject
Project("{2150E333-8FDC-42A3-9474-1A3956D46DE8}") = "4 - month", "4 - month", "{2647DD4A-3D88-4CB9-99A1-CD2AD5B567BD}"
EndProject
Project("{2150E333-8FDC-42A3-9474-1A3956D46DE8}") = "N52", "N52", "{F85DBA84-E39E-4E73-A97C-3B2C3FEB4140}"
EndProject
Project("{2150E333-8FDC-42A3-9474-1A3956D46DE8}") = "Tasks", "Tasks", "{F0C27182-3959-4D95-9BD0-09DAA323E5D0}"
EndProject
Project("{2150E333-8FDC-42A3-9474-1A3956D46DE8}") = "HomeTasks", "HomeTasks", "{339A3B4B-B7DC-4C5F-888F-8BA608C5ECB0}"
EndProject
Project("{9A19103F-16F7-4668-BE54-9A1E7A4F7556}") = "Task_Practice", "Task_Practice\Task_Practice.csproj", "{0DC73AE6-F1F5-4FCA-B88E-087E5BBEC698}"
EndProject
Project("{9A19103F-16F7-4668-BE54-9A1E7A4F7556}") = "N51_HT", "N51_HT\N51_HT.csproj", "{40B9EACF-D449-4D49-B148-0EAEBA41DFA3}"
EndProject
Project("{9A19103F-16F7-4668-BE54-9A1E7A4F7556}") = "N52_HT", "N52_HT\N52_HT.csproj", "{FB475531-4DB5-4435-9DB1-F9703925309C}"
EndProject
Project("{2150E333-8FDC-42A3-9474-1A3956D46DE8}") = "N53", "N53", "{98F8F8CE-48CB-4C9E-A9BC-CF8C92F4236F}"
EndProject
Project("{2150E333-8FDC-42A3-9474-1A3956D46DE8}") = "N54", "N54", "{19B4DBE4-3018-4B14-84A7-47CBD7750D17}"
EndProject
Project("{2150E333-8FDC-42A3-9474-1A3956D46DE8}") = "N55", "N55", "{EAF915F8-9E75-436E-9BA5-E67A666CBC0A}"
EndProject
Project("{2150E333-8FDC-42A3-9474-1A3956D46DE8}") = "N56", "N56", "{19D2D513-EEDC-4EA7-B6D1-B28E7C5A3B81}"
EndProject
Project("{2150E333-8FDC-42A3-9474-1A3956D46DE8}") = "HomeTasks", "HomeTasks", "{85AD1FBB-B86B-42DC-B45E-5334E38C9DC2}"
EndProject
Project("{2150E333-8FDC-42A3-9474-1A3956D46DE8}") = "Tasks", "Tasks", "{058F66A3-77E4-4196-9D53-0429748E99EE}"
EndProject
Project("{2150E333-8FDC-42A3-9474-1A3956D46DE8}") = "HomeTAsks", "HomeTAsks", "{7E78AEA7-3654-4CF0-B431-F9878F8403F9}"
EndProject
Project("{2150E333-8FDC-42A3-9474-1A3956D46DE8}") = "Tasks", "Tasks", "{5CA558F9-7687-4647-B97F-2C9A29286330}"
EndProject
Project("{2150E333-8FDC-42A3-9474-1A3956D46DE8}") = "HomeTasks", "HomeTasks", "{247900F7-CD9C-4CE9-9C7B-4A60F76FF90F}"
EndProject
Project("{2150E333-8FDC-42A3-9474-1A3956D46DE8}") = "Tasks", "Tasks", "{03038DE6-A2FD-4510-967B-2FA9B38F18C9}"
EndProject
Project("{2150E333-8FDC-42A3-9474-1A3956D46DE8}") = "HomeTasks", "HomeTasks", "{BDFEC1CD-4924-4E44-8A71-67D38EA19469}"
EndProject
Project("{2150E333-8FDC-42A3-9474-1A3956D46DE8}") = "Tasks", "Tasks", "{933CF628-E9FF-464A-8833-81A65FCC0263}"
EndProject
Project("{2150E333-8FDC-42A3-9474-1A3956D46DE8}") = "N57", "N57", "{C7393F41-2855-4CD0-AF28-035E27286CD0}"
EndProject
Project("{2150E333-8FDC-42A3-9474-1A3956D46DE8}") = "Tasks", "Tasks", "{8F315050-43AE-4687-B7E5-9781995E57CA}"
EndProject
Project("{2150E333-8FDC-42A3-9474-1A3956D46DE8}") = "HomeTasks", "HomeTasks", "{47C9DFED-5214-4C4A-B6BE-446602736BE2}"
EndProject
Project("{9A19103F-16F7-4668-BE54-9A1E7A4F7556}") = "Weather", "Photogram\Weather.csproj", "{779F2462-0323-4216-8926-FE1A93AB8384}"
EndProject
Project("{9A19103F-16F7-4668-BE54-9A1E7A4F7556}") = "Photogram1", "Photogram1\Photogram1.csproj", "{0ACC1B2E-B55B-4E88-9755-B97A312029E3}"
EndProject
Project("{9A19103F-16F7-4668-BE54-9A1E7A4F7556}") = "ConfigurationAPI", "ConfigurationAPI\ConfigurationAPI.csproj", "{7EDC528C-3BF7-42A8-8703-72B628D8BF4C}"
EndProject
Project("{2150E333-8FDC-42A3-9474-1A3956D46DE8}") = "N58", "N58", "{7E0836BD-1B5A-40FD-B888-2E89F46DF8E8}"
EndProject
Project("{2150E333-8FDC-42A3-9474-1A3956D46DE8}") = "HomeTasks", "HomeTasks", "{BE8DBB4C-CE63-42A5-9826-5CB1DEA1541B}"
EndProject
Project("{2150E333-8FDC-42A3-9474-1A3956D46DE8}") = "Tasks", "Tasks", "{7A6009BF-2091-4EFD-A6F5-B64F972A4F08}"
EndProject
Project("{2150E333-8FDC-42A3-9474-1A3956D46DE8}") = "N59", "N59", "{AE215BFD-76BB-4F3F-BB17-FF151FA6D846}"
EndProject
Project("{2150E333-8FDC-42A3-9474-1A3956D46DE8}") = "HomeTasks", "HomeTasks", "{235B963A-4072-414E-9876-EDBA60B394F8}"
EndProject
Project("{2150E333-8FDC-42A3-9474-1A3956D46DE8}") = "Tasks", "Tasks", "{5130307F-4ABE-410B-BAC9-388BB6E6F5D2}"
EndProject
Project("{2150E333-8FDC-42A3-9474-1A3956D46DE8}") = "N60", "N60", "{7EC069F6-1721-4CF2-9D0C-20C6E8A4A547}"
EndProject
Project("{2150E333-8FDC-42A3-9474-1A3956D46DE8}") = "HomeTasks", "HomeTasks", "{8ABDA254-C37B-4D69-A9B0-2EB2716C15FB}"
EndProject
Project("{2150E333-8FDC-42A3-9474-1A3956D46DE8}") = "Tasks", "Tasks", "{55E70C09-6343-4341-A9B7-05DE1FED1F65}"
EndProject
Project("{9A19103F-16F7-4668-BE54-9A1E7A4F7556}") = "FileExplorer.API", "FileExplorer.API\FileExplorer.API.csproj", "{C7E61121-EA09-4504-A86C-FF0C1237E9D0}"
EndProject
Project("{9A19103F-16F7-4668-BE54-9A1E7A4F7556}") = "WebApplication2", "WebApplication2\WebApplication2.csproj", "{2CA9D43B-94C5-4030-9B92-E7A857B4A105}"
EndProject
Project("{9A19103F-16F7-4668-BE54-9A1E7A4F7556}") = "WebApplication3", "WebApplication3\WebApplication3.csproj", "{8C0EA1DA-E874-4889-97A7-D54F3D55738B}"
EndProject
Project("{9A19103F-16F7-4668-BE54-9A1E7A4F7556}") = "N53_HT", "N53_HT\N53_HT.csproj", "{EB464B4E-2C59-4640-BF2D-C742B7900B12}"
EndProject
Project("{9A19103F-16F7-4668-BE54-9A1E7A4F7556}") = "N55_HT", "N55_HT\N55_HT.csproj", "{AA0EFBAE-0C2D-4407-92EA-EB0AA70E5C03}"
EndProject
Project("{2150E333-8FDC-42A3-9474-1A3956D46DE8}") = "N61", "N61", "{61338F63-B589-4E66-AD8B-1FF105D8F2CA}"
EndProject
Project("{2150E333-8FDC-42A3-9474-1A3956D46DE8}") = "HomeTasks", "HomeTasks", "{8E47C0D8-EE42-4B6D-939C-09DD55FF855A}"
EndProject
Project("{2150E333-8FDC-42A3-9474-1A3956D46DE8}") = "Tasks", "Tasks", "{79D7A0CA-3749-4D65-A02F-AA78B3AA5776}"
EndProject
Project("{9A19103F-16F7-4668-BE54-9A1E7A4F7556}") = "N56", "N56\N56.csproj", "{EAC38674-53AB-4437-B4CE-43EB984C5B52}"
EndProject
Project("{9A19103F-16F7-4668-BE54-9A1E7A4F7556}") = "UsingMapper", "UsingMapper\UsingMapper.csproj", "{AE85C83B-0E65-45BC-9BEB-A03C0DC80141}"
EndProject
Project("{9A19103F-16F7-4668-BE54-9A1E7A4F7556}") = "N57_HT", "N57_HT\N57_HT.csproj", "{A83A38F3-5DDC-4CE5-ABF0-6BF25297F001}"
EndProject
Project("{2150E333-8FDC-42A3-9474-1A3956D46DE8}") = "N62", "N62", "{82EADB02-2E2F-420F-8290-DB2C8CFDF139}"
EndProject
Project("{2150E333-8FDC-42A3-9474-1A3956D46DE8}") = "N63", "N63", "{1C0B49E8-1023-4D9E-9601-22F45B98B80D}"
EndProject
Project("{2150E333-8FDC-42A3-9474-1A3956D46DE8}") = "N65", "N65", "{0F283721-46FB-4DBF-9001-E9BE09B4DB14}"
EndProject
Project("{9A19103F-16F7-4668-BE54-9A1E7A4F7556}") = "N64.Identity.Api", "N64.Identity.Api\N64.Identity.Api.csproj", "{93C1E573-69E5-4B52-8669-5568D1FDE236}"
EndProject
Project("{9A19103F-16F7-4668-BE54-9A1E7A4F7556}") = "N64.Identity.Application", "N64.Identity.Application\N64.Identity.Application.csproj", "{DE7CF3A4-D4F8-410A-AE84-A37AF20799D4}"
EndProject
Project("{2150E333-8FDC-42A3-9474-1A3956D46DE8}") = "N64", "N64", "{CA45E36C-599E-4F68-8D9D-988BC0DD8296}"
EndProject
Project("{2150E333-8FDC-42A3-9474-1A3956D46DE8}") = "Identity", "Identity", "{CCA6BF8E-B325-4C26-A6AB-9B35E98FB201}"
EndProject
Project("{9A19103F-16F7-4668-BE54-9A1E7A4F7556}") = "N64.Identity.Domain", "N64.Identity.Domain\N64.Identity.Domain.csproj", "{6BA6D806-EADE-4927-B162-364CE400D828}"
EndProject
Project("{9A19103F-16F7-4668-BE54-9A1E7A4F7556}") = "N64.Identity.Infrastructure", "N64.Identity.Infrastructure\N64.Identity.Infrastructure.csproj", "{EA26310E-D119-477B-95F5-D93BFDF5CCDB}"
EndProject
Project("{9A19103F-16F7-4668-BE54-9A1E7A4F7556}") = "N64.Identity.Persistance", "N64.Identity.Persistance\N64.Identity.Persistance.csproj", "{E75820BF-46C3-4841-AE74-9E958B7CC50E}"
EndProject
Project("{9A19103F-16F7-4668-BE54-9A1E7A4F7556}") = "N63_Identity", "N63_Identity\N63_Identity.csproj", "{A2DBB235-7E1C-4386-8F59-859CD720B6B8}"
EndProject
Project("{9A19103F-16F7-4668-BE54-9A1E7A4F7556}") = "N63_T", "N63_T\N63_T.csproj", "{82EBA7ED-E2D1-4211-B979-FA265E82AF87}"
EndProject
Project("{2150E333-8FDC-42A3-9474-1A3956D46DE8}") = "HomeTasks", "HomeTasks", "{E3970A6D-2D1E-4D8A-9D8C-6F6C68C8722D}"
EndProject
Project("{2150E333-8FDC-42A3-9474-1A3956D46DE8}") = "TAsks", "TAsks", "{6459CCF7-42AA-4A06-9FAF-13F95102D46B}"
EndProject
Project("{2150E333-8FDC-42A3-9474-1A3956D46DE8}") = "HomeTasks", "HomeTasks", "{D6D328CD-5805-4A68-9E27-830CED8417DA}"
EndProject
Project("{2150E333-8FDC-42A3-9474-1A3956D46DE8}") = "HomeTasks", "HomeTasks", "{4B237046-C069-43C2-9148-0EE797C3CD2D}"
EndProject
Project("{2150E333-8FDC-42A3-9474-1A3956D46DE8}") = "HomeTasks", "HomeTasks", "{4910C904-842C-41FB-9194-B26DC91DEB72}"
EndProject
Project("{9A19103F-16F7-4668-BE54-9A1E7A4F7556}") = "FileEx", "FileEx\FileEx.csproj", "{9F0DE5CF-EEDD-42C3-B587-86F24470AB14}"
EndProject
Project("{9A19103F-16F7-4668-BE54-9A1E7A4F7556}") = "FileStr", "FileStr\FileStr.csproj", "{7360AEA8-AFDB-4A1F-A261-730E1CBE34B7}"
EndProject
Project("{9A19103F-16F7-4668-BE54-9A1E7A4F7556}") = "N62_HT", "N62_HT\N62_HT.csproj", "{DA43DDCD-6501-403A-87C1-A1B14AD8C091}"
EndProject
Project("{2150E333-8FDC-42A3-9474-1A3956D46DE8}") = "N66", "N66", "{C019B9EA-0F83-4C5B-8786-CC5320F54C95}"
EndProject
Project("{9A19103F-16F7-4668-BE54-9A1E7A4F7556}") = "N66-C", "N66-C\N66-C.csproj", "{3DF9131A-A1FB-4329-935A-6694A3EFDDD2}"
EndProject
Project("{2150E333-8FDC-42A3-9474-1A3956D46DE8}") = "N67", "N67", "{8E778A15-03A6-48E4-8FC7-551B8FDE4C94}"
EndProject
Project("{2150E333-8FDC-42A3-9474-1A3956D46DE8}") = "HomeTasks", "HomeTasks", "{752C8B63-9E3E-4C28-8359-CE7CC0B935A3}"
EndProject
Project("{2150E333-8FDC-42A3-9474-1A3956D46DE8}") = "Tasks", "Tasks", "{1E20C8C7-57EB-42E6-A544-C039405FEF73}"
EndProject
Project("{9A19103F-16F7-4668-BE54-9A1E7A4F7556}") = "DemoApl", "DemoApl\DemoApl.csproj", "{0D8B0F98-67F2-41C9-9D54-45113FA9C331}"
EndProject
Project("{9A19103F-16F7-4668-BE54-9A1E7A4F7556}") = "N67.Api", "N67.Api\N67.Api.csproj", "{21EC94E6-6E85-4507-B22F-54B650E69233}"
EndProject
Project("{9A19103F-16F7-4668-BE54-9A1E7A4F7556}") = "N67.Infrastructure", "N67.Infrastructure\N67.Infrastructure.csproj", "{C7D46484-A8A8-4BE8-A2EE-716D2BC05EC7}"
EndProject
Project("{9A19103F-16F7-4668-BE54-9A1E7A4F7556}") = "N67.Application", "N67.Application\N67.Application.csproj", "{234EA05F-A54A-4FD3-99D9-EE9BA4B9F3E3}"
EndProject
Project("{9A19103F-16F7-4668-BE54-9A1E7A4F7556}") = "N67.Persistence", "N67.Persistence\N67.Persistence.csproj", "{EF6823A6-BA93-4FAD-AF22-64F3135A8839}"
EndProject
Project("{9A19103F-16F7-4668-BE54-9A1E7A4F7556}") = "N67.Domain", "N67.Domain\N67.Domain.csproj", "{22E99CCA-A6C2-425F-9C5A-97E73283CE55}"
EndProject
Project("{9A19103F-16F7-4668-BE54-9A1E7A4F7556}") = "TestP", "TestP\TestP.csproj", "{66B3007D-1266-49F1-AA07-0251067F2BF5}"
EndProject
Project("{2150E333-8FDC-42A3-9474-1A3956D46DE8}") = "5 - month", "5 - month", "{5ED89CC8-6B59-4AE2-8FE6-770B3AAC55CC}"
EndProject
Project("{2150E333-8FDC-42A3-9474-1A3956D46DE8}") = "ClassTasks", "ClassTasks", "{561D1F36-E858-433D-9D68-D4C997733BB9}"
EndProject
Project("{2150E333-8FDC-42A3-9474-1A3956D46DE8}") = "N68", "N68", "{2A5A9AD0-752F-4D29-83DD-1A4D8AC1018E}"
EndProject
Project("{2150E333-8FDC-42A3-9474-1A3956D46DE8}") = "HomeTasks", "HomeTasks", "{19452173-3993-412B-9C66-3772331A3C61}"
EndProject
Project("{2150E333-8FDC-42A3-9474-1A3956D46DE8}") = "N69", "N69", "{60E9D5DA-E3EF-4AAF-B5E9-5B25A5003624}"
EndProject
Project("{2150E333-8FDC-42A3-9474-1A3956D46DE8}") = "HomeTasks", "HomeTasks", "{B033FDA0-BA5A-41B9-9028-7CC095410115}"
EndProject
Project("{2150E333-8FDC-42A3-9474-1A3956D46DE8}") = "N70", "N70", "{06DB49DA-1C3D-4104-B2A6-FDD00046DB53}"
EndProject
Project("{2150E333-8FDC-42A3-9474-1A3956D46DE8}") = "Hometasks", "Hometasks", "{435442FF-ED40-452A-8062-92D89C7AB3D4}"
EndProject
Project("{2150E333-8FDC-42A3-9474-1A3956D46DE8}") = "N71", "N71", "{F52068C1-AF8E-4923-9F54-2B6E3B1087CF}"
EndProject
Project("{2150E333-8FDC-42A3-9474-1A3956D46DE8}") = "HomeTasks", "HomeTasks", "{1F0563E9-F150-43BD-951A-29C0C76A1D18}"
EndProject
Project("{2150E333-8FDC-42A3-9474-1A3956D46DE8}") = "N72", "N72", "{8C7F1468-967A-4648-8A18-24FF77DB4CC7}"
EndProject
Project("{2150E333-8FDC-42A3-9474-1A3956D46DE8}") = "HomeTasks", "HomeTasks", "{EABCC087-7703-46A5-A4EE-39BD3E7B8552}"
EndProject
Global
	GlobalSection(SolutionConfigurationPlatforms) = preSolution
		Debug|Any CPU = Debug|Any CPU
		Release|Any CPU = Release|Any CPU
	EndGlobalSection
	GlobalSection(ProjectConfigurationPlatforms) = postSolution
		{0DC73AE6-F1F5-4FCA-B88E-087E5BBEC698}.Debug|Any CPU.ActiveCfg = Debug|Any CPU
		{0DC73AE6-F1F5-4FCA-B88E-087E5BBEC698}.Debug|Any CPU.Build.0 = Debug|Any CPU
		{0DC73AE6-F1F5-4FCA-B88E-087E5BBEC698}.Release|Any CPU.ActiveCfg = Release|Any CPU
		{0DC73AE6-F1F5-4FCA-B88E-087E5BBEC698}.Release|Any CPU.Build.0 = Release|Any CPU
		{40B9EACF-D449-4D49-B148-0EAEBA41DFA3}.Debug|Any CPU.ActiveCfg = Debug|Any CPU
		{40B9EACF-D449-4D49-B148-0EAEBA41DFA3}.Debug|Any CPU.Build.0 = Debug|Any CPU
		{40B9EACF-D449-4D49-B148-0EAEBA41DFA3}.Release|Any CPU.ActiveCfg = Release|Any CPU
		{40B9EACF-D449-4D49-B148-0EAEBA41DFA3}.Release|Any CPU.Build.0 = Release|Any CPU
		{FB475531-4DB5-4435-9DB1-F9703925309C}.Debug|Any CPU.ActiveCfg = Debug|Any CPU
		{FB475531-4DB5-4435-9DB1-F9703925309C}.Debug|Any CPU.Build.0 = Debug|Any CPU
		{FB475531-4DB5-4435-9DB1-F9703925309C}.Release|Any CPU.ActiveCfg = Release|Any CPU
		{FB475531-4DB5-4435-9DB1-F9703925309C}.Release|Any CPU.Build.0 = Release|Any CPU
		{779F2462-0323-4216-8926-FE1A93AB8384}.Debug|Any CPU.ActiveCfg = Debug|Any CPU
		{779F2462-0323-4216-8926-FE1A93AB8384}.Debug|Any CPU.Build.0 = Debug|Any CPU
		{779F2462-0323-4216-8926-FE1A93AB8384}.Release|Any CPU.ActiveCfg = Release|Any CPU
		{779F2462-0323-4216-8926-FE1A93AB8384}.Release|Any CPU.Build.0 = Release|Any CPU
		{0ACC1B2E-B55B-4E88-9755-B97A312029E3}.Debug|Any CPU.ActiveCfg = Debug|Any CPU
		{0ACC1B2E-B55B-4E88-9755-B97A312029E3}.Debug|Any CPU.Build.0 = Debug|Any CPU
		{0ACC1B2E-B55B-4E88-9755-B97A312029E3}.Release|Any CPU.ActiveCfg = Release|Any CPU
		{0ACC1B2E-B55B-4E88-9755-B97A312029E3}.Release|Any CPU.Build.0 = Release|Any CPU
		{7EDC528C-3BF7-42A8-8703-72B628D8BF4C}.Debug|Any CPU.ActiveCfg = Debug|Any CPU
		{7EDC528C-3BF7-42A8-8703-72B628D8BF4C}.Debug|Any CPU.Build.0 = Debug|Any CPU
		{7EDC528C-3BF7-42A8-8703-72B628D8BF4C}.Release|Any CPU.ActiveCfg = Release|Any CPU
		{7EDC528C-3BF7-42A8-8703-72B628D8BF4C}.Release|Any CPU.Build.0 = Release|Any CPU
		{C7E61121-EA09-4504-A86C-FF0C1237E9D0}.Debug|Any CPU.ActiveCfg = Debug|Any CPU
		{C7E61121-EA09-4504-A86C-FF0C1237E9D0}.Debug|Any CPU.Build.0 = Debug|Any CPU
		{C7E61121-EA09-4504-A86C-FF0C1237E9D0}.Release|Any CPU.ActiveCfg = Release|Any CPU
		{C7E61121-EA09-4504-A86C-FF0C1237E9D0}.Release|Any CPU.Build.0 = Release|Any CPU
		{2CA9D43B-94C5-4030-9B92-E7A857B4A105}.Debug|Any CPU.ActiveCfg = Debug|Any CPU
		{2CA9D43B-94C5-4030-9B92-E7A857B4A105}.Debug|Any CPU.Build.0 = Debug|Any CPU
		{2CA9D43B-94C5-4030-9B92-E7A857B4A105}.Release|Any CPU.ActiveCfg = Release|Any CPU
		{2CA9D43B-94C5-4030-9B92-E7A857B4A105}.Release|Any CPU.Build.0 = Release|Any CPU
		{8C0EA1DA-E874-4889-97A7-D54F3D55738B}.Debug|Any CPU.ActiveCfg = Debug|Any CPU
		{8C0EA1DA-E874-4889-97A7-D54F3D55738B}.Debug|Any CPU.Build.0 = Debug|Any CPU
		{8C0EA1DA-E874-4889-97A7-D54F3D55738B}.Release|Any CPU.ActiveCfg = Release|Any CPU
		{8C0EA1DA-E874-4889-97A7-D54F3D55738B}.Release|Any CPU.Build.0 = Release|Any CPU
		{EB464B4E-2C59-4640-BF2D-C742B7900B12}.Debug|Any CPU.ActiveCfg = Debug|Any CPU
		{EB464B4E-2C59-4640-BF2D-C742B7900B12}.Debug|Any CPU.Build.0 = Debug|Any CPU
		{EB464B4E-2C59-4640-BF2D-C742B7900B12}.Release|Any CPU.ActiveCfg = Release|Any CPU
		{EB464B4E-2C59-4640-BF2D-C742B7900B12}.Release|Any CPU.Build.0 = Release|Any CPU
		{AA0EFBAE-0C2D-4407-92EA-EB0AA70E5C03}.Debug|Any CPU.ActiveCfg = Debug|Any CPU
		{AA0EFBAE-0C2D-4407-92EA-EB0AA70E5C03}.Debug|Any CPU.Build.0 = Debug|Any CPU
		{AA0EFBAE-0C2D-4407-92EA-EB0AA70E5C03}.Release|Any CPU.ActiveCfg = Release|Any CPU
		{AA0EFBAE-0C2D-4407-92EA-EB0AA70E5C03}.Release|Any CPU.Build.0 = Release|Any CPU
		{EAC38674-53AB-4437-B4CE-43EB984C5B52}.Debug|Any CPU.ActiveCfg = Debug|Any CPU
		{EAC38674-53AB-4437-B4CE-43EB984C5B52}.Debug|Any CPU.Build.0 = Debug|Any CPU
		{EAC38674-53AB-4437-B4CE-43EB984C5B52}.Release|Any CPU.ActiveCfg = Release|Any CPU
		{EAC38674-53AB-4437-B4CE-43EB984C5B52}.Release|Any CPU.Build.0 = Release|Any CPU
		{AE85C83B-0E65-45BC-9BEB-A03C0DC80141}.Debug|Any CPU.ActiveCfg = Debug|Any CPU
		{AE85C83B-0E65-45BC-9BEB-A03C0DC80141}.Debug|Any CPU.Build.0 = Debug|Any CPU
		{AE85C83B-0E65-45BC-9BEB-A03C0DC80141}.Release|Any CPU.ActiveCfg = Release|Any CPU
		{AE85C83B-0E65-45BC-9BEB-A03C0DC80141}.Release|Any CPU.Build.0 = Release|Any CPU
		{A83A38F3-5DDC-4CE5-ABF0-6BF25297F001}.Debug|Any CPU.ActiveCfg = Debug|Any CPU
		{A83A38F3-5DDC-4CE5-ABF0-6BF25297F001}.Debug|Any CPU.Build.0 = Debug|Any CPU
		{A83A38F3-5DDC-4CE5-ABF0-6BF25297F001}.Release|Any CPU.ActiveCfg = Release|Any CPU
		{A83A38F3-5DDC-4CE5-ABF0-6BF25297F001}.Release|Any CPU.Build.0 = Release|Any CPU
		{93C1E573-69E5-4B52-8669-5568D1FDE236}.Debug|Any CPU.ActiveCfg = Debug|Any CPU
		{93C1E573-69E5-4B52-8669-5568D1FDE236}.Debug|Any CPU.Build.0 = Debug|Any CPU
		{93C1E573-69E5-4B52-8669-5568D1FDE236}.Release|Any CPU.ActiveCfg = Release|Any CPU
		{93C1E573-69E5-4B52-8669-5568D1FDE236}.Release|Any CPU.Build.0 = Release|Any CPU
		{DE7CF3A4-D4F8-410A-AE84-A37AF20799D4}.Debug|Any CPU.ActiveCfg = Debug|Any CPU
		{DE7CF3A4-D4F8-410A-AE84-A37AF20799D4}.Debug|Any CPU.Build.0 = Debug|Any CPU
		{DE7CF3A4-D4F8-410A-AE84-A37AF20799D4}.Release|Any CPU.ActiveCfg = Release|Any CPU
		{DE7CF3A4-D4F8-410A-AE84-A37AF20799D4}.Release|Any CPU.Build.0 = Release|Any CPU
		{6BA6D806-EADE-4927-B162-364CE400D828}.Debug|Any CPU.ActiveCfg = Debug|Any CPU
		{6BA6D806-EADE-4927-B162-364CE400D828}.Debug|Any CPU.Build.0 = Debug|Any CPU
		{6BA6D806-EADE-4927-B162-364CE400D828}.Release|Any CPU.ActiveCfg = Release|Any CPU
		{6BA6D806-EADE-4927-B162-364CE400D828}.Release|Any CPU.Build.0 = Release|Any CPU
		{EA26310E-D119-477B-95F5-D93BFDF5CCDB}.Debug|Any CPU.ActiveCfg = Debug|Any CPU
		{EA26310E-D119-477B-95F5-D93BFDF5CCDB}.Debug|Any CPU.Build.0 = Debug|Any CPU
		{EA26310E-D119-477B-95F5-D93BFDF5CCDB}.Release|Any CPU.ActiveCfg = Release|Any CPU
		{EA26310E-D119-477B-95F5-D93BFDF5CCDB}.Release|Any CPU.Build.0 = Release|Any CPU
		{E75820BF-46C3-4841-AE74-9E958B7CC50E}.Debug|Any CPU.ActiveCfg = Debug|Any CPU
		{E75820BF-46C3-4841-AE74-9E958B7CC50E}.Debug|Any CPU.Build.0 = Debug|Any CPU
		{E75820BF-46C3-4841-AE74-9E958B7CC50E}.Release|Any CPU.ActiveCfg = Release|Any CPU
		{E75820BF-46C3-4841-AE74-9E958B7CC50E}.Release|Any CPU.Build.0 = Release|Any CPU
		{A2DBB235-7E1C-4386-8F59-859CD720B6B8}.Debug|Any CPU.ActiveCfg = Debug|Any CPU
		{A2DBB235-7E1C-4386-8F59-859CD720B6B8}.Debug|Any CPU.Build.0 = Debug|Any CPU
		{A2DBB235-7E1C-4386-8F59-859CD720B6B8}.Release|Any CPU.ActiveCfg = Release|Any CPU
		{A2DBB235-7E1C-4386-8F59-859CD720B6B8}.Release|Any CPU.Build.0 = Release|Any CPU
		{82EBA7ED-E2D1-4211-B979-FA265E82AF87}.Debug|Any CPU.ActiveCfg = Debug|Any CPU
		{82EBA7ED-E2D1-4211-B979-FA265E82AF87}.Debug|Any CPU.Build.0 = Debug|Any CPU
		{82EBA7ED-E2D1-4211-B979-FA265E82AF87}.Release|Any CPU.ActiveCfg = Release|Any CPU
		{82EBA7ED-E2D1-4211-B979-FA265E82AF87}.Release|Any CPU.Build.0 = Release|Any CPU
		{9F0DE5CF-EEDD-42C3-B587-86F24470AB14}.Debug|Any CPU.ActiveCfg = Debug|Any CPU
		{9F0DE5CF-EEDD-42C3-B587-86F24470AB14}.Debug|Any CPU.Build.0 = Debug|Any CPU
		{9F0DE5CF-EEDD-42C3-B587-86F24470AB14}.Release|Any CPU.ActiveCfg = Release|Any CPU
		{9F0DE5CF-EEDD-42C3-B587-86F24470AB14}.Release|Any CPU.Build.0 = Release|Any CPU
		{7360AEA8-AFDB-4A1F-A261-730E1CBE34B7}.Debug|Any CPU.ActiveCfg = Debug|Any CPU
		{7360AEA8-AFDB-4A1F-A261-730E1CBE34B7}.Debug|Any CPU.Build.0 = Debug|Any CPU
		{7360AEA8-AFDB-4A1F-A261-730E1CBE34B7}.Release|Any CPU.ActiveCfg = Release|Any CPU
		{7360AEA8-AFDB-4A1F-A261-730E1CBE34B7}.Release|Any CPU.Build.0 = Release|Any CPU
		{DA43DDCD-6501-403A-87C1-A1B14AD8C091}.Debug|Any CPU.ActiveCfg = Debug|Any CPU
		{DA43DDCD-6501-403A-87C1-A1B14AD8C091}.Debug|Any CPU.Build.0 = Debug|Any CPU
		{DA43DDCD-6501-403A-87C1-A1B14AD8C091}.Release|Any CPU.ActiveCfg = Release|Any CPU
		{DA43DDCD-6501-403A-87C1-A1B14AD8C091}.Release|Any CPU.Build.0 = Release|Any CPU
		{3DF9131A-A1FB-4329-935A-6694A3EFDDD2}.Debug|Any CPU.ActiveCfg = Debug|Any CPU
		{3DF9131A-A1FB-4329-935A-6694A3EFDDD2}.Debug|Any CPU.Build.0 = Debug|Any CPU
		{3DF9131A-A1FB-4329-935A-6694A3EFDDD2}.Release|Any CPU.ActiveCfg = Release|Any CPU
		{3DF9131A-A1FB-4329-935A-6694A3EFDDD2}.Release|Any CPU.Build.0 = Release|Any CPU
		{0D8B0F98-67F2-41C9-9D54-45113FA9C331}.Debug|Any CPU.ActiveCfg = Debug|Any CPU
		{0D8B0F98-67F2-41C9-9D54-45113FA9C331}.Debug|Any CPU.Build.0 = Debug|Any CPU
		{0D8B0F98-67F2-41C9-9D54-45113FA9C331}.Release|Any CPU.ActiveCfg = Release|Any CPU
		{0D8B0F98-67F2-41C9-9D54-45113FA9C331}.Release|Any CPU.Build.0 = Release|Any CPU
		{21EC94E6-6E85-4507-B22F-54B650E69233}.Debug|Any CPU.ActiveCfg = Debug|Any CPU
		{21EC94E6-6E85-4507-B22F-54B650E69233}.Debug|Any CPU.Build.0 = Debug|Any CPU
		{21EC94E6-6E85-4507-B22F-54B650E69233}.Release|Any CPU.ActiveCfg = Release|Any CPU
		{21EC94E6-6E85-4507-B22F-54B650E69233}.Release|Any CPU.Build.0 = Release|Any CPU
		{C7D46484-A8A8-4BE8-A2EE-716D2BC05EC7}.Debug|Any CPU.ActiveCfg = Debug|Any CPU
		{C7D46484-A8A8-4BE8-A2EE-716D2BC05EC7}.Debug|Any CPU.Build.0 = Debug|Any CPU
		{C7D46484-A8A8-4BE8-A2EE-716D2BC05EC7}.Release|Any CPU.ActiveCfg = Release|Any CPU
		{C7D46484-A8A8-4BE8-A2EE-716D2BC05EC7}.Release|Any CPU.Build.0 = Release|Any CPU
		{234EA05F-A54A-4FD3-99D9-EE9BA4B9F3E3}.Debug|Any CPU.ActiveCfg = Debug|Any CPU
		{234EA05F-A54A-4FD3-99D9-EE9BA4B9F3E3}.Debug|Any CPU.Build.0 = Debug|Any CPU
		{234EA05F-A54A-4FD3-99D9-EE9BA4B9F3E3}.Release|Any CPU.ActiveCfg = Release|Any CPU
		{234EA05F-A54A-4FD3-99D9-EE9BA4B9F3E3}.Release|Any CPU.Build.0 = Release|Any CPU
		{EF6823A6-BA93-4FAD-AF22-64F3135A8839}.Debug|Any CPU.ActiveCfg = Debug|Any CPU
		{EF6823A6-BA93-4FAD-AF22-64F3135A8839}.Debug|Any CPU.Build.0 = Debug|Any CPU
		{EF6823A6-BA93-4FAD-AF22-64F3135A8839}.Release|Any CPU.ActiveCfg = Release|Any CPU
		{EF6823A6-BA93-4FAD-AF22-64F3135A8839}.Release|Any CPU.Build.0 = Release|Any CPU
		{22E99CCA-A6C2-425F-9C5A-97E73283CE55}.Debug|Any CPU.ActiveCfg = Debug|Any CPU
		{22E99CCA-A6C2-425F-9C5A-97E73283CE55}.Debug|Any CPU.Build.0 = Debug|Any CPU
		{22E99CCA-A6C2-425F-9C5A-97E73283CE55}.Release|Any CPU.ActiveCfg = Release|Any CPU
		{22E99CCA-A6C2-425F-9C5A-97E73283CE55}.Release|Any CPU.Build.0 = Release|Any CPU
		{66B3007D-1266-49F1-AA07-0251067F2BF5}.Debug|Any CPU.ActiveCfg = Debug|Any CPU
		{66B3007D-1266-49F1-AA07-0251067F2BF5}.Debug|Any CPU.Build.0 = Debug|Any CPU
		{66B3007D-1266-49F1-AA07-0251067F2BF5}.Release|Any CPU.ActiveCfg = Release|Any CPU
		{66B3007D-1266-49F1-AA07-0251067F2BF5}.Release|Any CPU.Build.0 = Release|Any CPU
	EndGlobalSection
	GlobalSection(SolutionProperties) = preSolution
		HideSolutionNode = FALSE
	EndGlobalSection
	GlobalSection(NestedProjects) = preSolution
		{B4DBC79C-C89D-4426-AD7C-7DF185042612} = {2647DD4A-3D88-4CB9-99A1-CD2AD5B567BD}
		{4A39A2DC-BE1E-458A-82B1-46764D98CB83} = {B4DBC79C-C89D-4426-AD7C-7DF185042612}
		{8F9F8AF0-35A3-43AB-810B-4A1B1BFBCFE8} = {B4DBC79C-C89D-4426-AD7C-7DF185042612}
		{F85DBA84-E39E-4E73-A97C-3B2C3FEB4140} = {2647DD4A-3D88-4CB9-99A1-CD2AD5B567BD}
		{F0C27182-3959-4D95-9BD0-09DAA323E5D0} = {F85DBA84-E39E-4E73-A97C-3B2C3FEB4140}
		{339A3B4B-B7DC-4C5F-888F-8BA608C5ECB0} = {F85DBA84-E39E-4E73-A97C-3B2C3FEB4140}
		{0DC73AE6-F1F5-4FCA-B88E-087E5BBEC698} = {F0C27182-3959-4D95-9BD0-09DAA323E5D0}
		{40B9EACF-D449-4D49-B148-0EAEBA41DFA3} = {8F9F8AF0-35A3-43AB-810B-4A1B1BFBCFE8}
		{FB475531-4DB5-4435-9DB1-F9703925309C} = {339A3B4B-B7DC-4C5F-888F-8BA608C5ECB0}
		{98F8F8CE-48CB-4C9E-A9BC-CF8C92F4236F} = {2647DD4A-3D88-4CB9-99A1-CD2AD5B567BD}
		{19B4DBE4-3018-4B14-84A7-47CBD7750D17} = {2647DD4A-3D88-4CB9-99A1-CD2AD5B567BD}
		{EAF915F8-9E75-436E-9BA5-E67A666CBC0A} = {2647DD4A-3D88-4CB9-99A1-CD2AD5B567BD}
		{19D2D513-EEDC-4EA7-B6D1-B28E7C5A3B81} = {2647DD4A-3D88-4CB9-99A1-CD2AD5B567BD}
		{85AD1FBB-B86B-42DC-B45E-5334E38C9DC2} = {98F8F8CE-48CB-4C9E-A9BC-CF8C92F4236F}
		{058F66A3-77E4-4196-9D53-0429748E99EE} = {98F8F8CE-48CB-4C9E-A9BC-CF8C92F4236F}
		{7E78AEA7-3654-4CF0-B431-F9878F8403F9} = {19B4DBE4-3018-4B14-84A7-47CBD7750D17}
		{5CA558F9-7687-4647-B97F-2C9A29286330} = {19B4DBE4-3018-4B14-84A7-47CBD7750D17}
		{247900F7-CD9C-4CE9-9C7B-4A60F76FF90F} = {EAF915F8-9E75-436E-9BA5-E67A666CBC0A}
		{03038DE6-A2FD-4510-967B-2FA9B38F18C9} = {EAF915F8-9E75-436E-9BA5-E67A666CBC0A}
		{BDFEC1CD-4924-4E44-8A71-67D38EA19469} = {19D2D513-EEDC-4EA7-B6D1-B28E7C5A3B81}
		{933CF628-E9FF-464A-8833-81A65FCC0263} = {19D2D513-EEDC-4EA7-B6D1-B28E7C5A3B81}
		{C7393F41-2855-4CD0-AF28-035E27286CD0} = {2647DD4A-3D88-4CB9-99A1-CD2AD5B567BD}
		{8F315050-43AE-4687-B7E5-9781995E57CA} = {C7393F41-2855-4CD0-AF28-035E27286CD0}
		{47C9DFED-5214-4C4A-B6BE-446602736BE2} = {C7393F41-2855-4CD0-AF28-035E27286CD0}
		{779F2462-0323-4216-8926-FE1A93AB8384} = {8F315050-43AE-4687-B7E5-9781995E57CA}
		{0ACC1B2E-B55B-4E88-9755-B97A312029E3} = {8F315050-43AE-4687-B7E5-9781995E57CA}
		{7EDC528C-3BF7-42A8-8703-72B628D8BF4C} = {8F315050-43AE-4687-B7E5-9781995E57CA}
		{7E0836BD-1B5A-40FD-B888-2E89F46DF8E8} = {2647DD4A-3D88-4CB9-99A1-CD2AD5B567BD}
		{BE8DBB4C-CE63-42A5-9826-5CB1DEA1541B} = {7E0836BD-1B5A-40FD-B888-2E89F46DF8E8}
		{7A6009BF-2091-4EFD-A6F5-B64F972A4F08} = {7E0836BD-1B5A-40FD-B888-2E89F46DF8E8}
		{AE215BFD-76BB-4F3F-BB17-FF151FA6D846} = {2647DD4A-3D88-4CB9-99A1-CD2AD5B567BD}
		{235B963A-4072-414E-9876-EDBA60B394F8} = {AE215BFD-76BB-4F3F-BB17-FF151FA6D846}
		{5130307F-4ABE-410B-BAC9-388BB6E6F5D2} = {AE215BFD-76BB-4F3F-BB17-FF151FA6D846}
		{7EC069F6-1721-4CF2-9D0C-20C6E8A4A547} = {2647DD4A-3D88-4CB9-99A1-CD2AD5B567BD}
		{8ABDA254-C37B-4D69-A9B0-2EB2716C15FB} = {7EC069F6-1721-4CF2-9D0C-20C6E8A4A547}
		{55E70C09-6343-4341-A9B7-05DE1FED1F65} = {7EC069F6-1721-4CF2-9D0C-20C6E8A4A547}
		{C7E61121-EA09-4504-A86C-FF0C1237E9D0} = {933CF628-E9FF-464A-8833-81A65FCC0263}
		{2CA9D43B-94C5-4030-9B92-E7A857B4A105} = {933CF628-E9FF-464A-8833-81A65FCC0263}
		{8C0EA1DA-E874-4889-97A7-D54F3D55738B} = {933CF628-E9FF-464A-8833-81A65FCC0263}
		{EB464B4E-2C59-4640-BF2D-C742B7900B12} = {85AD1FBB-B86B-42DC-B45E-5334E38C9DC2}
		{AA0EFBAE-0C2D-4407-92EA-EB0AA70E5C03} = {247900F7-CD9C-4CE9-9C7B-4A60F76FF90F}
		{61338F63-B589-4E66-AD8B-1FF105D8F2CA} = {2647DD4A-3D88-4CB9-99A1-CD2AD5B567BD}
		{8E47C0D8-EE42-4B6D-939C-09DD55FF855A} = {61338F63-B589-4E66-AD8B-1FF105D8F2CA}
		{79D7A0CA-3749-4D65-A02F-AA78B3AA5776} = {61338F63-B589-4E66-AD8B-1FF105D8F2CA}
		{EAC38674-53AB-4437-B4CE-43EB984C5B52} = {BDFEC1CD-4924-4E44-8A71-67D38EA19469}
		{AE85C83B-0E65-45BC-9BEB-A03C0DC80141} = {79D7A0CA-3749-4D65-A02F-AA78B3AA5776}
		{A83A38F3-5DDC-4CE5-ABF0-6BF25297F001} = {47C9DFED-5214-4C4A-B6BE-446602736BE2}
		{82EADB02-2E2F-420F-8290-DB2C8CFDF139} = {2647DD4A-3D88-4CB9-99A1-CD2AD5B567BD}
		{1C0B49E8-1023-4D9E-9601-22F45B98B80D} = {2647DD4A-3D88-4CB9-99A1-CD2AD5B567BD}
		{0F283721-46FB-4DBF-9001-E9BE09B4DB14} = {2647DD4A-3D88-4CB9-99A1-CD2AD5B567BD}
		{93C1E573-69E5-4B52-8669-5568D1FDE236} = {CCA6BF8E-B325-4C26-A6AB-9B35E98FB201}
		{DE7CF3A4-D4F8-410A-AE84-A37AF20799D4} = {CCA6BF8E-B325-4C26-A6AB-9B35E98FB201}
		{CA45E36C-599E-4F68-8D9D-988BC0DD8296} = {2647DD4A-3D88-4CB9-99A1-CD2AD5B567BD}
		{CCA6BF8E-B325-4C26-A6AB-9B35E98FB201} = {CA45E36C-599E-4F68-8D9D-988BC0DD8296}
		{6BA6D806-EADE-4927-B162-364CE400D828} = {CCA6BF8E-B325-4C26-A6AB-9B35E98FB201}
		{EA26310E-D119-477B-95F5-D93BFDF5CCDB} = {CCA6BF8E-B325-4C26-A6AB-9B35E98FB201}
		{E75820BF-46C3-4841-AE74-9E958B7CC50E} = {CCA6BF8E-B325-4C26-A6AB-9B35E98FB201}
		{A2DBB235-7E1C-4386-8F59-859CD720B6B8} = {6459CCF7-42AA-4A06-9FAF-13F95102D46B}
		{82EBA7ED-E2D1-4211-B979-FA265E82AF87} = {6459CCF7-42AA-4A06-9FAF-13F95102D46B}
		{E3970A6D-2D1E-4D8A-9D8C-6F6C68C8722D} = {82EADB02-2E2F-420F-8290-DB2C8CFDF139}
		{6459CCF7-42AA-4A06-9FAF-13F95102D46B} = {1C0B49E8-1023-4D9E-9601-22F45B98B80D}
		{D6D328CD-5805-4A68-9E27-830CED8417DA} = {1C0B49E8-1023-4D9E-9601-22F45B98B80D}
		{4B237046-C069-43C2-9148-0EE797C3CD2D} = {CA45E36C-599E-4F68-8D9D-988BC0DD8296}
		{4910C904-842C-41FB-9194-B26DC91DEB72} = {0F283721-46FB-4DBF-9001-E9BE09B4DB14}
		{9F0DE5CF-EEDD-42C3-B587-86F24470AB14} = {BE8DBB4C-CE63-42A5-9826-5CB1DEA1541B}
		{7360AEA8-AFDB-4A1F-A261-730E1CBE34B7} = {235B963A-4072-414E-9876-EDBA60B394F8}
		{DA43DDCD-6501-403A-87C1-A1B14AD8C091} = {E3970A6D-2D1E-4D8A-9D8C-6F6C68C8722D}
		{C019B9EA-0F83-4C5B-8786-CC5320F54C95} = {2647DD4A-3D88-4CB9-99A1-CD2AD5B567BD}
		{3DF9131A-A1FB-4329-935A-6694A3EFDDD2} = {C019B9EA-0F83-4C5B-8786-CC5320F54C95}
		{8E778A15-03A6-48E4-8FC7-551B8FDE4C94} = {2647DD4A-3D88-4CB9-99A1-CD2AD5B567BD}
		{752C8B63-9E3E-4C28-8359-CE7CC0B935A3} = {8E778A15-03A6-48E4-8FC7-551B8FDE4C94}
		{1E20C8C7-57EB-42E6-A544-C039405FEF73} = {8E778A15-03A6-48E4-8FC7-551B8FDE4C94}
		{0D8B0F98-67F2-41C9-9D54-45113FA9C331} = {1E20C8C7-57EB-42E6-A544-C039405FEF73}
		{21EC94E6-6E85-4507-B22F-54B650E69233} = {8E778A15-03A6-48E4-8FC7-551B8FDE4C94}
		{C7D46484-A8A8-4BE8-A2EE-716D2BC05EC7} = {8E778A15-03A6-48E4-8FC7-551B8FDE4C94}
		{234EA05F-A54A-4FD3-99D9-EE9BA4B9F3E3} = {8E778A15-03A6-48E4-8FC7-551B8FDE4C94}
		{EF6823A6-BA93-4FAD-AF22-64F3135A8839} = {8E778A15-03A6-48E4-8FC7-551B8FDE4C94}
		{22E99CCA-A6C2-425F-9C5A-97E73283CE55} = {8E778A15-03A6-48E4-8FC7-551B8FDE4C94}
		{66B3007D-1266-49F1-AA07-0251067F2BF5} = {752C8B63-9E3E-4C28-8359-CE7CC0B935A3}
		{2A5A9AD0-752F-4D29-83DD-1A4D8AC1018E} = {2647DD4A-3D88-4CB9-99A1-CD2AD5B567BD}
		{19452173-3993-412B-9C66-3772331A3C61} = {2A5A9AD0-752F-4D29-83DD-1A4D8AC1018E}
		{60E9D5DA-E3EF-4AAF-B5E9-5B25A5003624} = {5ED89CC8-6B59-4AE2-8FE6-770B3AAC55CC}
		{B033FDA0-BA5A-41B9-9028-7CC095410115} = {60E9D5DA-E3EF-4AAF-B5E9-5B25A5003624}
		{06DB49DA-1C3D-4104-B2A6-FDD00046DB53} = {5ED89CC8-6B59-4AE2-8FE6-770B3AAC55CC}
		{435442FF-ED40-452A-8062-92D89C7AB3D4} = {06DB49DA-1C3D-4104-B2A6-FDD00046DB53}
		{F52068C1-AF8E-4923-9F54-2B6E3B1087CF} = {5ED89CC8-6B59-4AE2-8FE6-770B3AAC55CC}
		{1F0563E9-F150-43BD-951A-29C0C76A1D18} = {F52068C1-AF8E-4923-9F54-2B6E3B1087CF}
		{8C7F1468-967A-4648-8A18-24FF77DB4CC7} = {5ED89CC8-6B59-4AE2-8FE6-770B3AAC55CC}
		{EABCC087-7703-46A5-A4EE-39BD3E7B8552} = {8C7F1468-967A-4648-8A18-24FF77DB4CC7}
	EndGlobalSection
	GlobalSection(ExtensibilityGlobals) = postSolution
		SolutionGuid = {37121B46-57DE-41B0-BA13-26E8643DE55C}
	EndGlobalSection
EndGlobal
